<?xml version="1.0" encoding="UTF-8"?>
<CONFIG>
  <ProjectOptions>
    <Version Value="12"/>
    <PathDelim Value="\"/>
    <General>
      <Title Value="project1"/>
      <Scaled Value="True"/>
      <ResourceType Value="res"/>
      <UseXPManifest Value="True"/>
      <XPManifest>
        <DpiAware Value="True"/>
      </XPManifest>
      <Icon Value="0"/>
    </General>
    <VersionInfo>
      <UseVersionInfo Value="True"/>
      <AutoIncrementBuild Value="True"/>
      <RevisionNr Value="9"/>
      <BuildNr Value="17"/>
    </VersionInfo>
    <BuildModes Active="Default">
      <Item Name="Default" Default="True"/>
    </BuildModes>
    <PublishOptions>
      <Version Value="2"/>
      <DestinationDirectory Value="$(ProjPath)\published\"/>
      <OpenInFileMan Value="True"/>
      <UseFileFilters Value="True"/>
      <FileFilter Value="*.(pas|pp|inc|lpr|lfm|lrs|lpi|lpk|xml|sh|ico)"/>
    </PublishOptions>
    <RunParams>
      <FormatVersion Value="2"/>
    </RunParams>
    <RequiredPackages>
      <Item>
        <PackageName Value="LCL"/>
      </Item>
    </RequiredPackages>
    <Units>
      <Unit>
        <Filename Value="project1.lpr"/>
        <IsPartOfProject Value="True"/>
        <EditorIndex Value="-1"/>
        <WindowIndex Value="-1"/>
        <TopLine Value="-1"/>
        <CursorPos X="-1" Y="-1"/>
        <UsageCount Value="117"/>
      </Unit>
      <Unit>
        <Filename Value="unit1.pas"/>
        <IsPartOfProject Value="True"/>
        <ComponentName Value="Form1"/>
        <HasResources Value="True"/>
        <ResourceBaseClass Value="Form"/>
        <UnitName Value="Unit1"/>
        <TopLine Value="31"/>
        <CursorPos X="3" Y="17"/>
        <UsageCount Value="117"/>
        <Loaded Value="True"/>
        <LoadedDesigner Value="True"/>
      </Unit>
      <Unit>
        <Filename Value="C:\laz_new\lazarus\lcl\graphics.pp"/>
        <UnitName Value="Graphics"/>
        <EditorIndex Value="-1"/>
        <TopLine Value="535"/>
        <CursorPos X="3" Y="488"/>
        <UsageCount Value="10"/>
      </Unit>
      <Unit>
        <Filename Value="C:\laz_new\lazarus\lcl\lcltype.pp"/>
        <UnitName Value="LCLType"/>
        <EditorIndex Value="-1"/>
        <TopLine Value="3240"/>
        <CursorPos X="20" Y="3230"/>
        <UsageCount Value="38"/>
      </Unit>
      <Unit>
        <Filename Value="C:\laz_new\fpcsrc\rtl\win\wininc\struct.inc"/>
        <EditorIndex Value="-1"/>
        <TopLine Value="653"/>
        <CursorPos X="6" Y="657"/>
        <UsageCount Value="22"/>
      </Unit>
      <Unit>
        <Filename Value="ufontdlgunix.pas"/>
        <ComponentName Value="frmFontDlgUnix"/>
        <HasResources Value="True"/>
        <ResourceBaseClass Value="Form"/>
        <EditorIndex Value="-1"/>
        <TopLine Value="402"/>
        <CursorPos Y="413"/>
        <FoldState Value=" T3o503031:"/>
        <UsageCount Value="84"/>
        <Bookmarks Count="5">
          <Item0 X="60" Y="279" ID="7"/>
          <Item1 X="2" Y="408" ID="1"/>
          <Item2 Y="125" ID="2"/>
          <Item3 X="11" Y="302" ID="3"/>
          <Item4 Y="170" ID="4"/>
        </Bookmarks>
      </Unit>
      <Unit>
        <Filename Value="C:\laz_new\lazarus\lcl\dialogs.pp"/>
        <UnitName Value="Dialogs"/>
        <EditorIndex Value="-1"/>
        <TopLine Value="165"/>
        <CursorPos X="48" Y="188"/>
        <UsageCount Value="16"/>
      </Unit>
      <Unit>
        <Filename Value="C:\laz_new\lazarus\lcl\forms.pp"/>
        <UnitName Value="Forms"/>
        <EditorIndex Value="2"/>
        <TopLine Value="704"/>
        <CursorPos X="14" Y="714"/>
        <UsageCount Value="20"/>
        <Loaded Value="True"/>
      </Unit>
      <Unit>
        <Filename Value="C:\laz_new\lazarus\lcl\include\screen.inc"/>
        <EditorIndex Value="-1"/>
        <TopLine Value="891"/>
        <CursorPos X="3" Y="893"/>
        <UsageCount Value="14"/>
      </Unit>
      <Unit>
        <Filename Value="C:\laz_new\lazarus\lcl\include\customlistbox.inc"/>
        <EditorIndex Value="-1"/>
        <TopLine Value="230"/>
        <CursorPos Y="240"/>
        <UsageCount Value="11"/>
      </Unit>
      <Unit>
        <Filename Value="C:\laz_new\lazarus\lcl\include\font.inc"/>
        <EditorIndex Value="-1"/>
        <TopLine Value="1327"/>
        <CursorPos X="3" Y="1329"/>
        <UsageCount Value="8"/>
      </Unit>
      <Unit>
        <Filename Value="C:\laz_new\lazarus\lcl\include\winapi.inc"/>
        <EditorIndex Value="-1"/>
        <TopLine Value="378"/>
        <CursorPos X="3" Y="380"/>
        <UsageCount Value="9"/>
      </Unit>
      <Unit>
        <Filename Value="C:\laz_new\lazarus\lcl\lclstrconsts.pas"/>
        <UnitName Value="LCLStrConsts"/>
        <EditorIndex Value="-1"/>
        <TopLine Value="184"/>
        <UsageCount Value="9"/>
      </Unit>
      <Unit>
        <Filename Value="C:\laz_new\lazarus\lcl\interfaces\win32\win32listsl.inc"/>
        <EditorIndex Value="-1"/>
        <TopLine Value="142"/>
        <CursorPos Y="152"/>
        <UsageCount Value="9"/>
      </Unit>
      <Unit>
        <Filename Value="ufontdialogex.pas"/>
        <IsPartOfProject Value="True"/>
        <ComponentName Value="frmFontDialogEx"/>
        <HasResources Value="True"/>
        <ResourceBaseClass Value="Form"/>
        <IsVisibleTab Value="True"/>
        <EditorIndex Value="1"/>
        <TopLine Value="96"/>
        <CursorPos X="30" Y="108"/>
        <FoldState Value=" TIuf36n"/>
        <UsageCount Value="48"/>
        <Bookmarks Count="6">
          <Item0 X="8" Y="333" ID="4"/>
          <Item1 X="3" Y="523" ID="5"/>
          <Item2 X="19" Y="97" ID="1"/>
          <Item3 Y="310" ID="2"/>
          <Item4 X="11" Y="563" ID="3"/>
          <Item5 X="7" Y="637"/>
        </Bookmarks>
        <Loaded Value="True"/>
        <LoadedDesigner Value="True"/>
      </Unit>
      <Unit>
        <Filename Value="C:\laz_new\lazarus\lcl\grids.pas"/>
        <UnitName Value="Grids"/>
        <EditorIndex Value="-1"/>
        <TopLine Value="1791"/>
        <CursorPos X="14" Y="1799"/>
        <UsageCount Value="10"/>
      </Unit>
      <Unit>
        <Filename Value="C:\laz_new\lazarus\lcl\include\intfbasewinapi.inc"/>
        <EditorIndex Value="-1"/>
        <TopLine Value="2148"/>
        <CursorPos X="3" Y="2150"/>
        <UsageCount Value="10"/>
      </Unit>
      <Unit>
        <Filename Value="C:\laz_new\fpcsrc\rtl\objpas\classes\stringl.inc"/>
        <EditorIndex Value="-1"/>
        <TopLine Value="1060"/>
        <CursorPos X="3" Y="1063"/>
        <UsageCount Value="10"/>
      </Unit>
      <Unit>
        <Filename Value="C:\laz_new\lazarus\lcl\controls.pp"/>
        <UnitName Value="Controls"/>
        <EditorIndex Value="3"/>
        <TopLine Value="10"/>
        <CursorPos X="3" Y="183"/>
        <UsageCount Value="14"/>
        <Loaded Value="True"/>
      </Unit>
    </Units>
    <JumpHistory HistoryIndex="29">
      <Position>
        <Filename Value="ufontdialogex.pas"/>
        <Caret Line="541" Column="11" TopLine="527"/>
      </Position>
      <Position>
        <Filename Value="ufontdialogex.pas"/>
        <Caret Line="96" Column="45" TopLine="85"/>
      </Position>
      <Position>
        <Filename Value="ufontdialogex.pas"/>
        <Caret Line="542" Column="75" TopLine="532"/>
      </Position>
      <Position>
        <Filename Value="ufontdialogex.pas"/>
        <Caret Line="96" Column="37" TopLine="85"/>
      </Position>
      <Position>
        <Filename Value="ufontdialogex.pas"/>
        <Caret Line="297" Column="3" TopLine="288"/>
      </Position>
      <Position>
        <Filename Value="ufontdialogex.pas"/>
        <Caret Line="97" Column="22" TopLine="85"/>
      </Position>
      <Position>
        <Filename Value="ufontdialogex.pas"/>
        <Caret Line="299" Column="6" TopLine="289"/>
      </Position>
      <Position>
        <Filename Value="ufontdialogex.pas"/>
        <Caret Line="97" Column="34" TopLine="89"/>
      </Position>
      <Position>
        <Filename Value="ufontdialogex.pas"/>
        <Caret Line="300" Column="13" TopLine="289"/>
      </Position>
      <Position>
        <Filename Value="ufontdialogex.pas"/>
        <Caret Line="544" Column="11" TopLine="534"/>
      </Position>
      <Position>
        <Filename Value="ufontdialogex.pas"/>
        <Caret Line="96" Column="31" TopLine="85"/>
      </Position>
      <Position>
        <Filename Value="ufontdialogex.pas"/>
        <Caret Line="301" Column="31" TopLine="290"/>
      </Position>
      <Position>
        <Filename Value="ufontdialogex.pas"/>
        <Caret Line="99" Column="32" TopLine="85"/>
      </Position>
      <Position>
        <Filename Value="ufontdialogex.pas"/>
        <Caret Line="303" Column="35" TopLine="291"/>
      </Position>
      <Position>
        <Filename Value="ufontdialogex.pas"/>
        <Caret Line="101" Column="26" TopLine="85"/>
      </Position>
      <Position>
        <Filename Value="ufontdialogex.pas"/>
        <Caret Line="306" Column="36" TopLine="292"/>
      </Position>
      <Position>
        <Filename Value="ufontdialogex.pas"/>
        <Caret Line="318" Column="3" TopLine="315"/>
      </Position>
      <Position>
        <Filename Value="ufontdialogex.pas"/>
        <Caret Line="327" Column="3" TopLine="315"/>
      </Position>
      <Position>
        <Filename Value="ufontdialogex.pas"/>
        <Caret Line="624" Column="29" TopLine="614"/>
      </Position>
      <Position>
        <Filename Value="ufontdialogex.pas"/>
        <Caret Line="102" Column="28" TopLine="85"/>
      </Position>
      <Position>
        <Filename Value="ufontdialogex.pas"/>
        <Caret Line="308" Column="36" TopLine="293"/>
      </Position>
      <Position>
        <Filename Value="ufontdialogex.pas"/>
        <Caret Line="103" Column="4" TopLine="85"/>
      </Position>
      <Position>
        <Filename Value="ufontdialogex.pas"/>
        <Caret Line="310" Column="34" TopLine="294"/>
      </Position>
      <Position>
        <Filename Value="ufontdialogex.pas"/>
        <Caret Line="104" Column="29" TopLine="85"/>
      </Position>
      <Position>
        <Filename Value="ufontdialogex.pas"/>
        <Caret Line="312" Column="35" TopLine="295"/>
      </Position>
      <Position>
        <Filename Value="ufontdialogex.pas"/>
        <Caret Line="105" Column="40" TopLine="88"/>
      </Position>
      <Position>
        <Filename Value="ufontdialogex.pas"/>
        <Caret Line="314" Column="36" TopLine="529"/>
      </Position>
      <Position>
        <Filename Value="ufontdialogex.pas"/>
        <Caret Line="96" Column="19" TopLine="86"/>
      </Position>
      <Position>
        <Filename Value="ufontdialogex.pas"/>
        <Caret Line="296" Column="15" TopLine="287"/>
      </Position>
      <Position>
        <Filename Value="ufontdialogex.pas"/>
        <Caret Line="96" Column="24" TopLine="94"/>
      </Position>
    </JumpHistory>
  </ProjectOptions>
  <CompilerOptions>
    <Version Value="11"/>
    <PathDelim Value="\"/>
    <Target>
      <Filename Value="debug\$(TargetCPU)-$(TargetOS)_project1"/>
    </Target>
    <SearchPaths>
      <IncludeFiles Value="$(ProjOutDir)"/>
      <UnitOutputDirectory Value="lib\$(TargetCPU)-$(TargetOS)"/>
    </SearchPaths>
    <Linking>
      <Debugging>
        <DebugInfoType Value="dsDwarf3"/>
      </Debugging>
      <Options>
        <Win32>
          <GraphicApplication Value="True"/>
        </Win32>
      </Options>
    </Linking>
  </CompilerOptions>
  <Debugging>
    <Watches>
      <Item>
        <Expression Value="LCharset"/>
      </Item>
      <Item>
        <Expression Value="s"/>
      </Item>
    </Watches>
    <Exceptions>
      <Item>
        <Name Value="EAbort"/>
      </Item>
      <Item>
        <Name Value="ECodetoolError"/>
      </Item>
      <Item>
        <Name Value="EFOpenError"/>
      </Item>
    </Exceptions>
  </Debugging>
</CONFIG>
