<?xml version="1.0" encoding="UTF-8"?>
<CONFIG>
  <ProjectOptions>
    <Version Value="12"/>
    <PathDelim Value="\"/>
    <General>
      <Title Value="project1"/>
      <Scaled Value="True"/>
      <ResourceType Value="res"/>
      <UseXPManifest Value="True"/>
      <XPManifest>
        <DpiAware Value="True/PM"/>
      </XPManifest>
      <Icon Value="0"/>
    </General>
    <VersionInfo>
      <UseVersionInfo Value="True"/>
      <AutoIncrementBuild Value="True"/>
      <RevisionNr Value="16"/>
      <BuildNr Value="33"/>
    </VersionInfo>
    <BuildModes Active="Default">
      <Item Name="Default" Default="True"/>
    </BuildModes>
    <PublishOptions>
      <Version Value="2"/>
      <DestinationDirectory Value="$(ProjPath)\published\"/>
      <OpenInFileMan Value="True"/>
      <UseFileFilters Value="True"/>
      <FileFilter Value="*.(pas|pp|inc|lpr|lfm|lrs|lpi|lpk|xml|sh|ico)"/>
    </PublishOptions>
    <RunParams>
      <FormatVersion Value="2"/>
    </RunParams>
    <RequiredPackages>
      <Item>
        <PackageName Value="LCL"/>
      </Item>
    </RequiredPackages>
    <Units>
      <Unit>
        <Filename Value="project1.lpr"/>
        <IsPartOfProject Value="True"/>
        <EditorIndex Value="-1"/>
        <TopLine Value="3"/>
        <CursorPos X="30" Y="13"/>
        <UsageCount Value="142"/>
      </Unit>
      <Unit>
        <Filename Value="unit1.pas"/>
        <IsPartOfProject Value="True"/>
        <ComponentName Value="Form1"/>
        <HasResources Value="True"/>
        <ResourceBaseClass Value="Form"/>
        <UnitName Value="Unit1"/>
        <TopLine Value="117"/>
        <CursorPos X="46" Y="139"/>
        <UsageCount Value="142"/>
        <Loaded Value="True"/>
        <LoadedDesigner Value="True"/>
      </Unit>
      <Unit>
        <Filename Value="C:\laz_new\lazarus\lcl\graphics.pp"/>
        <UnitName Value="Graphics"/>
        <EditorIndex Value="-1"/>
        <TopLine Value="478"/>
        <CursorPos X="3" Y="488"/>
        <UsageCount Value="16"/>
      </Unit>
      <Unit>
        <Filename Value="C:\laz_new\lazarus\lcl\lcltype.pp"/>
        <UnitName Value="LCLType"/>
        <EditorIndex Value="-1"/>
        <TopLine Value="2281"/>
        <CursorPos X="3" Y="2291"/>
        <UsageCount Value="38"/>
      </Unit>
      <Unit>
        <Filename Value="C:\laz_new\fpcsrc\rtl\win\wininc\struct.inc"/>
        <EditorIndex Value="-1"/>
        <TopLine Value="650"/>
        <CursorPos X="6" Y="657"/>
        <UsageCount Value="22"/>
        <Bookmarks Count="1">
          <Item0 X="6" Y="657"/>
        </Bookmarks>
      </Unit>
      <Unit>
        <Filename Value="ufontdlgunix.pas"/>
        <ComponentName Value="frmFontDlgUnix"/>
        <HasResources Value="True"/>
        <ResourceBaseClass Value="Form"/>
        <EditorIndex Value="-1"/>
        <TopLine Value="402"/>
        <CursorPos Y="413"/>
        <FoldState Value=" T3o503031:"/>
        <UsageCount Value="83"/>
        <Bookmarks Count="5">
          <Item0 X="60" Y="279" ID="7"/>
          <Item1 X="2" Y="408" ID="1"/>
          <Item2 Y="125" ID="2"/>
          <Item3 X="11" Y="302" ID="3"/>
          <Item4 Y="170" ID="4"/>
        </Bookmarks>
      </Unit>
      <Unit>
        <Filename Value="C:\laz_new\lazarus\lcl\dialogs.pp"/>
        <UnitName Value="Dialogs"/>
        <EditorIndex Value="-1"/>
        <TopLine Value="165"/>
        <CursorPos X="48" Y="188"/>
        <UsageCount Value="15"/>
      </Unit>
      <Unit>
        <Filename Value="C:\laz_new\lazarus\lcl\forms.pp"/>
        <UnitName Value="Forms"/>
        <EditorIndex Value="-1"/>
        <TopLine Value="703"/>
        <CursorPos X="14" Y="714"/>
        <UsageCount Value="21"/>
      </Unit>
      <Unit>
        <Filename Value="C:\laz_new\lazarus\lcl\include\screen.inc"/>
        <EditorIndex Value="-1"/>
        <TopLine Value="891"/>
        <CursorPos X="3" Y="893"/>
        <UsageCount Value="13"/>
      </Unit>
      <Unit>
        <Filename Value="C:\laz_new\lazarus\lcl\include\customlistbox.inc"/>
        <EditorIndex Value="-1"/>
        <TopLine Value="230"/>
        <CursorPos Y="240"/>
        <UsageCount Value="10"/>
      </Unit>
      <Unit>
        <Filename Value="C:\laz_new\lazarus\lcl\include\font.inc"/>
        <EditorIndex Value="-1"/>
        <TopLine Value="1327"/>
        <CursorPos X="3" Y="1329"/>
        <UsageCount Value="7"/>
      </Unit>
      <Unit>
        <Filename Value="C:\laz_new\lazarus\lcl\include\winapi.inc"/>
        <EditorIndex Value="-1"/>
        <TopLine Value="259"/>
        <CursorPos X="3" Y="262"/>
        <UsageCount Value="14"/>
      </Unit>
      <Unit>
        <Filename Value="C:\laz_new\lazarus\lcl\lclstrconsts.pas"/>
        <UnitName Value="LCLStrConsts"/>
        <EditorIndex Value="-1"/>
        <TopLine Value="184"/>
        <UsageCount Value="8"/>
      </Unit>
      <Unit>
        <Filename Value="C:\laz_new\lazarus\lcl\interfaces\win32\win32listsl.inc"/>
        <EditorIndex Value="-1"/>
        <TopLine Value="142"/>
        <CursorPos Y="152"/>
        <UsageCount Value="8"/>
      </Unit>
      <Unit>
        <Filename Value="ufontdialogex.pas"/>
        <IsPartOfProject Value="True"/>
        <ComponentName Value="frmFontDialogEx"/>
        <HasResources Value="True"/>
        <ResourceBaseClass Value="Form"/>
        <IsVisibleTab Value="True"/>
        <EditorIndex Value="1"/>
        <TopLine Value="416"/>
        <CursorPos X="49" Y="420"/>
        <FoldState Value=" TMoE2F%"/>
        <UsageCount Value="73"/>
        <Bookmarks Count="6">
          <Item0 X="3" Y="704" ID="5"/>
          <Item1 X="8" Y="257" ID="4"/>
          <Item2 X="3" Y="160" ID="3"/>
          <Item3 X="15" Y="568" ID="9"/>
          <Item4 Y="291" ID="1"/>
          <Item5 X="35" Y="436" ID="2"/>
        </Bookmarks>
        <Loaded Value="True"/>
        <LoadedDesigner Value="True"/>
      </Unit>
      <Unit>
        <Filename Value="C:\laz_new\lazarus\lcl\grids.pas"/>
        <UnitName Value="Grids"/>
        <EditorIndex Value="-1"/>
        <TopLine Value="1791"/>
        <CursorPos X="14" Y="1799"/>
        <UsageCount Value="9"/>
      </Unit>
      <Unit>
        <Filename Value="C:\laz_new\lazarus\lcl\include\intfbasewinapi.inc"/>
        <EditorIndex Value="-1"/>
        <TopLine Value="2148"/>
        <CursorPos X="3" Y="2150"/>
        <UsageCount Value="9"/>
      </Unit>
      <Unit>
        <Filename Value="C:\laz_new\fpcsrc\rtl\objpas\classes\stringl.inc"/>
        <EditorIndex Value="-1"/>
        <TopLine Value="1051"/>
        <CursorPos X="3" Y="1063"/>
        <UsageCount Value="10"/>
      </Unit>
      <Unit>
        <Filename Value="C:\laz_new\lazarus\lcl\controls.pp"/>
        <UnitName Value="Controls"/>
        <EditorIndex Value="-1"/>
        <TopLine Value="10"/>
        <CursorPos X="3" Y="183"/>
        <UsageCount Value="15"/>
      </Unit>
      <Unit>
        <Filename Value="C:\laz_new\lazarus\lcl\stdctrls.pp"/>
        <UnitName Value="StdCtrls"/>
        <EditorIndex Value="-1"/>
        <TopLine Value="279"/>
        <CursorPos X="3" Y="289"/>
        <UsageCount Value="10"/>
      </Unit>
      <Unit>
        <Filename Value="..\leybasoft_arm_v5\utreeclinicdescroptionframe.pas"/>
        <ComponentName Value="frTreeClinicDescrOption"/>
        <HasResources Value="True"/>
        <ResourceBaseClass Value="Frame"/>
        <EditorIndex Value="-1"/>
        <TopLine Value="683"/>
        <CursorPos Y="651"/>
        <UsageCount Value="9"/>
      </Unit>
      <Unit>
        <Filename Value="..\leybasoft_vtv\unit1.pas"/>
        <ComponentName Value="Form1"/>
        <HasResources Value="True"/>
        <ResourceBaseClass Value="Form"/>
        <UnitName Value="Unit1"/>
        <EditorIndex Value="-1"/>
        <TopLine Value="394"/>
        <CursorPos Y="397"/>
        <UsageCount Value="9"/>
      </Unit>
      <Unit>
        <Filename Value="..\leybasoft_arm_v5\uphonesedit.pas"/>
        <ComponentName Value="frmPhonesEdit"/>
        <HasResources Value="True"/>
        <ResourceBaseClass Value="Form"/>
        <EditorIndex Value="-1"/>
        <TopLine Value="224"/>
        <CursorPos X="19" Y="153"/>
        <UsageCount Value="9"/>
      </Unit>
      <Unit>
        <Filename Value="ufontdlgex_i18n.inc"/>
        <IsPartOfProject Value="True"/>
        <EditorIndex Value="3"/>
        <CursorPos X="2" Y="9"/>
        <UsageCount Value="26"/>
        <Loaded Value="True"/>
      </Unit>
      <Unit>
        <Filename Value="C:\laz_new\lazarus\lcl\include\wincontrol.inc"/>
        <EditorIndex Value="2"/>
        <TopLine Value="4344"/>
        <CursorPos Y="4352"/>
        <UsageCount Value="10"/>
        <Loaded Value="True"/>
      </Unit>
    </Units>
    <JumpHistory HistoryIndex="29">
      <Position>
        <Filename Value="ufontdialogex.pas"/>
        <Caret Line="422" Column="37" TopLine="408"/>
      </Position>
      <Position>
        <Filename Value="ufontdialogex.pas"/>
        <Caret Line="423" Column="37" TopLine="409"/>
      </Position>
      <Position>
        <Filename Value="ufontdialogex.pas"/>
        <Caret Line="426" Column="36" TopLine="412"/>
      </Position>
      <Position>
        <Filename Value="ufontdialogex.pas"/>
        <Caret Line="427" Column="36" TopLine="413"/>
      </Position>
      <Position>
        <Filename Value="ufontdialogex.pas"/>
        <Caret Line="428" Column="36" TopLine="414"/>
      </Position>
      <Position>
        <Filename Value="ufontdialogex.pas"/>
        <Caret Line="445" Column="37" TopLine="430"/>
      </Position>
      <Position>
        <Filename Value="ufontdialogex.pas"/>
        <Caret Line="525" Column="46" TopLine="510"/>
      </Position>
      <Position>
        <Filename Value="ufontdialogex.pas"/>
        <Caret Line="536" Column="23" TopLine="522"/>
      </Position>
      <Position>
        <Filename Value="ufontdialogex.pas"/>
        <Caret Line="555" Column="16" TopLine="540"/>
      </Position>
      <Position>
        <Filename Value="ufontdialogex.pas"/>
        <Caret Line="560" Column="54" TopLine="546"/>
      </Position>
      <Position>
        <Filename Value="ufontdialogex.pas"/>
        <Caret Line="602" Column="36" TopLine="587"/>
      </Position>
      <Position>
        <Filename Value="ufontdialogex.pas"/>
        <Caret Line="619" Column="24" TopLine="604"/>
      </Position>
      <Position>
        <Filename Value="ufontdialogex.pas"/>
        <Caret Line="675" Column="32" TopLine="661"/>
      </Position>
      <Position>
        <Filename Value="ufontdialogex.pas"/>
        <Caret Line="681" Column="14" TopLine="667"/>
      </Position>
      <Position>
        <Filename Value="ufontdialogex.pas"/>
        <Caret Line="682" Column="14" TopLine="668"/>
      </Position>
      <Position>
        <Filename Value="ufontdialogex.pas"/>
        <Caret Line="684" Column="31" TopLine="670"/>
      </Position>
      <Position>
        <Filename Value="ufontdialogex.pas"/>
        <Caret Line="685" Column="18" TopLine="671"/>
      </Position>
      <Position>
        <Filename Value="ufontdialogex.pas"/>
        <Caret Line="686" Column="20" TopLine="672"/>
      </Position>
      <Position>
        <Filename Value="ufontdialogex.pas"/>
        <Caret Line="687" Column="18" TopLine="673"/>
      </Position>
      <Position>
        <Filename Value="ufontdialogex.pas"/>
        <Caret Line="691" Column="80" TopLine="677"/>
      </Position>
      <Position>
        <Filename Value="ufontdialogex.pas"/>
        <Caret Line="692" Column="63" TopLine="678"/>
      </Position>
      <Position>
        <Filename Value="ufontdialogex.pas"/>
        <Caret Line="695" Column="33" TopLine="681"/>
      </Position>
      <Position>
        <Filename Value="ufontdialogex.pas"/>
        <Caret Line="725" Column="16" TopLine="711"/>
      </Position>
      <Position>
        <Filename Value="ufontdialogex.pas"/>
        <Caret Line="731" Column="50" TopLine="717"/>
      </Position>
      <Position>
        <Filename Value="ufontdialogex.pas"/>
        <Caret Line="754" Column="31" TopLine="740"/>
      </Position>
      <Position>
        <Filename Value="ufontdialogex.pas"/>
        <Caret Line="50" Column="14" TopLine="42"/>
      </Position>
      <Position>
        <Filename Value="ufontdialogex.pas"/>
        <Caret Line="67" Column="24" TopLine="53"/>
      </Position>
      <Position>
        <Filename Value="ufontdialogex.pas"/>
        <Caret Line="416" Column="37" TopLine="404"/>
      </Position>
      <Position>
        <Filename Value="ufontdialogex.pas"/>
        <Caret Line="426" TopLine="419"/>
      </Position>
      <Position>
        <Filename Value="ufontdialogex.pas"/>
        <Caret Line="420" Column="62" TopLine="416"/>
      </Position>
    </JumpHistory>
  </ProjectOptions>
  <CompilerOptions>
    <Version Value="11"/>
    <PathDelim Value="\"/>
    <Target>
      <Filename Value="debug\$(TargetCPU)-$(TargetOS)_project1"/>
    </Target>
    <SearchPaths>
      <IncludeFiles Value="$(ProjOutDir)"/>
      <UnitOutputDirectory Value="lib\$(TargetCPU)-$(TargetOS)"/>
    </SearchPaths>
    <Linking>
      <Debugging>
        <DebugInfoType Value="dsDwarf3"/>
      </Debugging>
      <Options>
        <Win32>
          <GraphicApplication Value="True"/>
        </Win32>
      </Options>
    </Linking>
  </CompilerOptions>
  <Debugging>
    <Watches>
      <Item>
        <Expression Value="LCharset"/>
      </Item>
      <Item>
        <Expression Value="s"/>
      </Item>
    </Watches>
    <Exceptions>
      <Item>
        <Name Value="EAbort"/>
      </Item>
      <Item>
        <Name Value="ECodetoolError"/>
      </Item>
      <Item>
        <Name Value="EFOpenError"/>
      </Item>
    </Exceptions>
  </Debugging>
</CONFIG>
