<?xml version="1.0" encoding="UTF-8"?>
<CONFIG>
  <ProjectOptions>
    <Version Value="12"/>
    <PathDelim Value="\"/>
    <General>
      <Title Value="project1"/>
      <Scaled Value="True"/>
      <ResourceType Value="res"/>
      <UseXPManifest Value="True"/>
      <XPManifest>
        <DpiAware Value="True"/>
      </XPManifest>
      <Icon Value="0"/>
    </General>
    <VersionInfo>
      <UseVersionInfo Value="True"/>
      <AutoIncrementBuild Value="True"/>
      <RevisionNr Value="4"/>
      <BuildNr Value="16"/>
    </VersionInfo>
    <BuildModes Active="Default">
      <Item Name="Default" Default="True"/>
    </BuildModes>
    <PublishOptions>
      <Version Value="2"/>
      <DestinationDirectory Value="$(ProjPath)\published\"/>
      <OpenInFileMan Value="True"/>
      <UseFileFilters Value="True"/>
      <FileFilter Value="*.(pas|pp|inc|lpr|lfm|lrs|lpi|lpk|xml|sh|ico)"/>
    </PublishOptions>
    <RunParams>
      <FormatVersion Value="2"/>
    </RunParams>
    <RequiredPackages>
      <Item>
        <PackageName Value="LCL"/>
      </Item>
    </RequiredPackages>
    <Units>
      <Unit>
        <Filename Value="project1.lpr"/>
        <IsPartOfProject Value="True"/>
        <EditorIndex Value="-1"/>
        <WindowIndex Value="-1"/>
        <TopLine Value="-1"/>
        <CursorPos X="-1" Y="-1"/>
        <UsageCount Value="108"/>
      </Unit>
      <Unit>
        <Filename Value="unit1.pas"/>
        <IsPartOfProject Value="True"/>
        <ComponentName Value="Form1"/>
        <HasResources Value="True"/>
        <ResourceBaseClass Value="Form"/>
        <UnitName Value="Unit1"/>
        <TopLine Value="31"/>
        <CursorPos X="3" Y="17"/>
        <UsageCount Value="108"/>
        <Loaded Value="True"/>
        <LoadedDesigner Value="True"/>
      </Unit>
      <Unit>
        <Filename Value="C:\laz_new\lazarus\lcl\graphics.pp"/>
        <UnitName Value="Graphics"/>
        <EditorIndex Value="-1"/>
        <TopLine Value="535"/>
        <CursorPos X="3" Y="488"/>
        <UsageCount Value="10"/>
      </Unit>
      <Unit>
        <Filename Value="C:\laz_new\lazarus\lcl\lcltype.pp"/>
        <UnitName Value="LCLType"/>
        <EditorIndex Value="-1"/>
        <TopLine Value="3240"/>
        <CursorPos X="20" Y="3230"/>
        <UsageCount Value="38"/>
      </Unit>
      <Unit>
        <Filename Value="C:\laz_new\fpcsrc\rtl\win\wininc\struct.inc"/>
        <EditorIndex Value="-1"/>
        <TopLine Value="653"/>
        <CursorPos X="6" Y="657"/>
        <UsageCount Value="22"/>
      </Unit>
      <Unit>
        <Filename Value="ufontdlgunix.pas"/>
        <ComponentName Value="frmFontDlgUnix"/>
        <HasResources Value="True"/>
        <ResourceBaseClass Value="Form"/>
        <EditorIndex Value="-1"/>
        <TopLine Value="402"/>
        <CursorPos Y="413"/>
        <FoldState Value=" T3o503031:"/>
        <UsageCount Value="84"/>
        <Bookmarks Count="5">
          <Item0 X="60" Y="279" ID="7"/>
          <Item1 X="2" Y="408" ID="1"/>
          <Item2 Y="125" ID="2"/>
          <Item3 X="11" Y="302" ID="3"/>
          <Item4 Y="170" ID="4"/>
        </Bookmarks>
      </Unit>
      <Unit>
        <Filename Value="C:\laz_new\lazarus\lcl\dialogs.pp"/>
        <UnitName Value="Dialogs"/>
        <EditorIndex Value="-1"/>
        <TopLine Value="165"/>
        <CursorPos X="48" Y="188"/>
        <UsageCount Value="16"/>
      </Unit>
      <Unit>
        <Filename Value="C:\laz_new\lazarus\lcl\forms.pp"/>
        <UnitName Value="Forms"/>
        <EditorIndex Value="2"/>
        <TopLine Value="704"/>
        <CursorPos X="14" Y="714"/>
        <UsageCount Value="17"/>
        <Loaded Value="True"/>
      </Unit>
      <Unit>
        <Filename Value="C:\laz_new\lazarus\lcl\include\screen.inc"/>
        <EditorIndex Value="-1"/>
        <TopLine Value="891"/>
        <CursorPos X="3" Y="893"/>
        <UsageCount Value="14"/>
      </Unit>
      <Unit>
        <Filename Value="C:\laz_new\lazarus\lcl\include\customlistbox.inc"/>
        <EditorIndex Value="-1"/>
        <TopLine Value="230"/>
        <CursorPos Y="240"/>
        <UsageCount Value="11"/>
      </Unit>
      <Unit>
        <Filename Value="C:\laz_new\lazarus\lcl\include\font.inc"/>
        <EditorIndex Value="-1"/>
        <TopLine Value="1327"/>
        <CursorPos X="3" Y="1329"/>
        <UsageCount Value="8"/>
      </Unit>
      <Unit>
        <Filename Value="C:\laz_new\lazarus\lcl\include\winapi.inc"/>
        <EditorIndex Value="-1"/>
        <TopLine Value="378"/>
        <CursorPos X="3" Y="380"/>
        <UsageCount Value="9"/>
      </Unit>
      <Unit>
        <Filename Value="C:\laz_new\lazarus\lcl\lclstrconsts.pas"/>
        <UnitName Value="LCLStrConsts"/>
        <EditorIndex Value="-1"/>
        <TopLine Value="184"/>
        <UsageCount Value="9"/>
      </Unit>
      <Unit>
        <Filename Value="C:\laz_new\lazarus\lcl\interfaces\win32\win32listsl.inc"/>
        <EditorIndex Value="-1"/>
        <TopLine Value="142"/>
        <CursorPos Y="152"/>
        <UsageCount Value="9"/>
      </Unit>
      <Unit>
        <Filename Value="ufontdialogex.pas"/>
        <IsPartOfProject Value="True"/>
        <ComponentName Value="frmFontDialogEx"/>
        <HasResources Value="True"/>
        <ResourceBaseClass Value="Form"/>
        <IsVisibleTab Value="True"/>
        <EditorIndex Value="1"/>
        <TopLine Value="236"/>
        <CursorPos X="12" Y="247"/>
        <UsageCount Value="39"/>
        <Bookmarks Count="3">
          <Item0 X="31" Y="659" ID="3"/>
          <Item1 Y="227" ID="1"/>
          <Item2 X="13" Y="214" ID="2"/>
        </Bookmarks>
        <Loaded Value="True"/>
        <LoadedDesigner Value="True"/>
      </Unit>
      <Unit>
        <Filename Value="C:\laz_new\lazarus\lcl\grids.pas"/>
        <UnitName Value="Grids"/>
        <EditorIndex Value="-1"/>
        <TopLine Value="1791"/>
        <CursorPos X="14" Y="1799"/>
        <UsageCount Value="10"/>
      </Unit>
      <Unit>
        <Filename Value="C:\laz_new\lazarus\lcl\include\intfbasewinapi.inc"/>
        <EditorIndex Value="-1"/>
        <TopLine Value="2148"/>
        <CursorPos X="3" Y="2150"/>
        <UsageCount Value="10"/>
      </Unit>
      <Unit>
        <Filename Value="C:\laz_new\fpcsrc\rtl\objpas\classes\stringl.inc"/>
        <EditorIndex Value="-1"/>
        <TopLine Value="1060"/>
        <CursorPos X="3" Y="1063"/>
        <UsageCount Value="10"/>
      </Unit>
      <Unit>
        <Filename Value="C:\laz_new\lazarus\lcl\controls.pp"/>
        <UnitName Value="Controls"/>
        <EditorIndex Value="3"/>
        <TopLine Value="10"/>
        <CursorPos X="3" Y="183"/>
        <UsageCount Value="11"/>
        <Loaded Value="True"/>
      </Unit>
    </Units>
    <JumpHistory HistoryIndex="29">
      <Position>
        <Filename Value="ufontdialogex.pas"/>
        <Caret Line="186" Column="3" TopLine="183"/>
      </Position>
      <Position>
        <Filename Value="ufontdialogex.pas"/>
        <Caret Line="453" Column="3" TopLine="450"/>
      </Position>
      <Position>
        <Filename Value="ufontdialogex.pas"/>
        <Caret Line="185" Column="16" TopLine="182"/>
      </Position>
      <Position>
        <Filename Value="ufontdialogex.pas"/>
        <Caret Line="441" Column="3" TopLine="434"/>
      </Position>
      <Position>
        <Filename Value="ufontdialogex.pas"/>
        <Caret Line="253" Column="3" TopLine="251"/>
      </Position>
      <Position>
        <Filename Value="ufontdialogex.pas"/>
        <Caret Line="185" Column="3" TopLine="183"/>
      </Position>
      <Position>
        <Filename Value="ufontdialogex.pas"/>
        <Caret Line="253" Column="3" TopLine="243"/>
      </Position>
      <Position>
        <Filename Value="ufontdialogex.pas"/>
        <Caret Line="185" Column="3" TopLine="175"/>
      </Position>
      <Position>
        <Filename Value="ufontdialogex.pas"/>
        <Caret Line="254" Column="15" TopLine="243"/>
      </Position>
      <Position>
        <Filename Value="ufontdialogex.pas"/>
        <Caret Line="188" Column="14" TopLine="175"/>
      </Position>
      <Position>
        <Filename Value="ufontdialogex.pas"/>
        <Caret Line="226" Column="18" TopLine="221"/>
      </Position>
      <Position>
        <Filename Value="ufontdialogex.pas"/>
        <Caret Line="647" Column="27" TopLine="629"/>
      </Position>
      <Position>
        <Filename Value="ufontdialogex.pas"/>
        <Caret Line="8" Column="25"/>
      </Position>
      <Position>
        <Filename Value="ufontdialogex.pas"/>
        <Caret Line="70" Column="46" TopLine="54"/>
      </Position>
      <Position>
        <Filename Value="ufontdialogex.pas"/>
        <Caret Line="216" Column="60" TopLine="199"/>
      </Position>
      <Position>
        <Filename Value="ufontdialogex.pas"/>
        <Caret Line="234" Column="17" TopLine="217"/>
      </Position>
      <Position>
        <Filename Value="ufontdialogex.pas"/>
        <Caret Line="237" TopLine="221"/>
      </Position>
      <Position>
        <Filename Value="ufontdialogex.pas"/>
        <Caret Line="404" Column="9" TopLine="390"/>
      </Position>
      <Position>
        <Filename Value="ufontdialogex.pas"/>
        <Caret Line="420" Column="51" TopLine="403"/>
      </Position>
      <Position>
        <Filename Value="ufontdialogex.pas"/>
        <Caret Line="74" Column="20" TopLine="61"/>
      </Position>
      <Position>
        <Filename Value="ufontdialogex.pas"/>
        <Caret Line="214" Column="13" TopLine="210"/>
      </Position>
      <Position>
        <Filename Value="ufontdialogex.pas"/>
        <Caret Line="11" Column="28"/>
      </Position>
      <Position>
        <Filename Value="ufontdialogex.pas"/>
        <Caret Line="83" Column="31" TopLine="67"/>
      </Position>
      <Position>
        <Filename Value="ufontdialogex.pas"/>
        <Caret Line="412" Column="44" TopLine="395"/>
      </Position>
      <Position>
        <Filename Value="ufontdialogex.pas"/>
        <Caret Line="436" Column="32" TopLine="420"/>
      </Position>
      <Position>
        <Filename Value="ufontdialogex.pas"/>
        <Caret Line="483" Column="21" TopLine="473"/>
      </Position>
      <Position>
        <Filename Value="ufontdialogex.pas"/>
        <Caret Line="569" Column="23" TopLine="553"/>
      </Position>
      <Position>
        <Filename Value="ufontdialogex.pas"/>
        <Caret Line="583" Column="23" TopLine="567"/>
      </Position>
      <Position>
        <Filename Value="ufontdialogex.pas"/>
        <Caret Line="600" Column="21" TopLine="584"/>
      </Position>
      <Position>
        <Filename Value="ufontdialogex.pas"/>
        <Caret Line="409" Column="32" TopLine="459"/>
      </Position>
    </JumpHistory>
  </ProjectOptions>
  <CompilerOptions>
    <Version Value="11"/>
    <PathDelim Value="\"/>
    <Target>
      <Filename Value="debug\$(TargetCPU)-$(TargetOS)_project1"/>
    </Target>
    <SearchPaths>
      <IncludeFiles Value="$(ProjOutDir)"/>
      <UnitOutputDirectory Value="lib\$(TargetCPU)-$(TargetOS)"/>
    </SearchPaths>
    <Linking>
      <Debugging>
        <DebugInfoType Value="dsDwarf3"/>
      </Debugging>
      <Options>
        <Win32>
          <GraphicApplication Value="True"/>
        </Win32>
      </Options>
    </Linking>
  </CompilerOptions>
  <Debugging>
    <Watches>
      <Item>
        <Expression Value="LCharset"/>
      </Item>
      <Item>
        <Expression Value="s"/>
      </Item>
    </Watches>
    <Exceptions>
      <Item>
        <Name Value="EAbort"/>
      </Item>
      <Item>
        <Name Value="ECodetoolError"/>
      </Item>
      <Item>
        <Name Value="EFOpenError"/>
      </Item>
    </Exceptions>
  </Debugging>
</CONFIG>
